
Microsoft Visual Studio Solution File, Format Version 12.00
# Visual Studio Version 17
VisualStudioVersion = 17.0.32014.148
MinimumVisualStudioVersion = 10.0.40219.1
Project("{FAE04EC0-301F-11D3-BF4B-00C04F79EFBC}") = "CopyGroupPlugin", "CopyGroupPlugin\CopyGroupPlugin.csproj", "{0E44ED0C-39B0-4CD2-A206-51360BA821D6}"
EndProject
Global
	GlobalSection(SolutionConfigurationPlatforms) = preSolution
		Debug|Any CPU = Debug|Any CPU
		Release|Any CPU = Release|Any CPU
	EndGlobalSection
	GlobalSection(ProjectConfigurationPlatforms) = postSolution
		{0E44ED0C-39B0-4CD2-A206-51360BA821D6}.Debug|Any CPU.ActiveCfg = Debug|Any CPU
		{0E44ED0C-39B0-4CD2-A206-51360BA821D6}.Debug|Any CPU.Build.0 = Debug|Any CPU
		{0E44ED0C-39B0-4CD2-A206-51360BA821D6}.Release|Any CPU.ActiveCfg = Release|Any CPU
		{0E44ED0C-39B0-4CD2-A206-51360BA821D6}.Release|Any CPU.Build.0 = Release|Any CPU
	EndGlobalSection
	GlobalSection(SolutionProperties) = preSolution
		HideSolutionNode = FALSE
	EndGlobalSection
	GlobalSection(ExtensibilityGlobals) = postSolution
		SolutionGuid = {FBFC3161-E128-4103-BF4A-5A75ECBF4B1D}
	EndGlobalSection
EndGlobal
